{
  "name": "NewsInsight",
  "lockfileVersion": 3,
  "requires": true,
  "packages": {
    "": {
      "dependencies": {
        "opencode-ai": "^1.0.85"
      }
    },
    "node_modules/opencode-ai": {
      "version": "1.0.85",
      "resolved": "https://registry.npmjs.org/opencode-ai/-/opencode-ai-1.0.85.tgz",
      "integrity": "sha512-ZFOHgOOo66mstg6rKwwjIo59UqUXE0QlfaUNFF1FfR5i4NxIfQ/kDDIA+s1HiyK1gUxtIiUp3rMxYdiJz29sNw==",
      "hasInstallScript": true,
      "bin": {
        "opencode": "bin/opencode"
      },
      "optionalDependencies": {
        "opencode-darwin-arm64": "1.0.85",
        "opencode-darwin-x64": "1.0.85",
        "opencode-darwin-x64-baseline": "1.0.85",
        "opencode-linux-arm64": "1.0.85",
        "opencode-linux-arm64-musl": "1.0.85",
        "opencode-linux-x64": "1.0.85",
        "opencode-linux-x64-baseline": "1.0.85",
        "opencode-linux-x64-baseline-musl": "1.0.85",
        "opencode-linux-x64-musl": "1.0.85",
        "opencode-windows-x64": "1.0.85",
        "opencode-windows-x64-baseline": "1.0.85"
      }
    },
    "node_modules/opencode-darwin-arm64": {
      "version": "1.0.85",
      "resolved": "https://registry.npmjs.org/opencode-darwin-arm64/-/opencode-darwin-arm64-1.0.85.tgz",
      "integrity": "sha512-RDICiUzRJyE/t2jYwuSu+O8GHYeKOnXT+x94+fhNQAOSiMMp4ix6SHhYspaePrZgcjrN5dpnd6gB65zaZvk9LQ==",
      "cpu": [
        "arm64"
      ],
      "optional": true,
      "os": [
        "darwin"
      ]
    },
    "node_modules/opencode-darwin-x64": {
      "version": "1.0.85",
      "resolved": "https://registry.npmjs.org/opencode-darwin-x64/-/opencode-darwin-x64-1.0.85.tgz",
      "integrity": "sha512-dsGsLU2UgNJ3wl8TnYk1jj6CVRnqkUefdNwYFXAgH/M7CxCqaEnOZQqpvgBtX2oADlaIur5jifTyCTqPrA9kJw==",
      "cpu": [
        "x64"
      ],
      "optional": true,
      "os": [
        "darwin"
      ]
    },
    "node_modules/opencode-darwin-x64-baseline": {
      "version": "1.0.85",
      "resolved": "https://registry.npmjs.org/opencode-darwin-x64-baseline/-/opencode-darwin-x64-baseline-1.0.85.tgz",
      "integrity": "sha512-F/H9tbJkS/stKLwQcfEQshz1BT6aj/FnFYk3PvVjg6D+7OtCVaZfSg5p/VOWP/M8FCofVUa8nN8/EJXWlhyutQ==",
      "cpu": [
        "x64"
      ],
      "optional": true,
      "os": [
        "darwin"
      ]
    },
    "node_modules/opencode-linux-arm64": {
      "version": "1.0.85",
      "resolved": "https://registry.npmjs.org/opencode-linux-arm64/-/opencode-linux-arm64-1.0.85.tgz",
      "integrity": "sha512-VGYY+3rwxYUjCdzkeOEiLmI0PNcy0g7cdNvRrvoRmkRBMxZA6PQ9mVNsKHxSfqinBeEZD4K31f8+yBw50HFxpg==",
      "cpu": [
        "arm64"
      ],
      "optional": true,
      "os": [
        "linux"
      ]
    },
    "node_modules/opencode-linux-arm64-musl": {
      "version": "1.0.85",
      "resolved": "https://registry.npmjs.org/opencode-linux-arm64-musl/-/opencode-linux-arm64-musl-1.0.85.tgz",
      "integrity": "sha512-Bk4GRsRJKE231kL4HecFn92G2Pq2pFU7w4sptSEtwweZvR1hTYN9Olwq0MTXSCpGViRA4k9qiv9JD85rIxl1GA==",
      "cpu": [
        "arm64"
      ],
      "optional": true,
      "os": [
        "linux"
      ]
    },
    "node_modules/opencode-linux-x64": {
      "version": "1.0.85",
      "resolved": "https://registry.npmjs.org/opencode-linux-x64/-/opencode-linux-x64-1.0.85.tgz",
      "integrity": "sha512-oMq1iJvnp1taQBDxyJrn8T1Lr1CQ9RU/PRb6MSjrCKG/Sr+EUrMhQnaqnJobqiihUhT1iyBnLBpjLv3xcaFcww==",
      "cpu": [
        "x64"
      ],
      "optional": true,
      "os": [
        "linux"
      ]
    },
    "node_modules/opencode-linux-x64-baseline": {
      "version": "1.0.85",
      "resolved": "https://registry.npmjs.org/opencode-linux-x64-baseline/-/opencode-linux-x64-baseline-1.0.85.tgz",
      "integrity": "sha512-a5I4qZuCClYGqrYLgaKu+RFLDzEut9YEVu4D6yPO1SDehywosxemu/xIcC1cXUTqNoN4dIrQh1zIjNgE0Fzg7A==",
      "cpu": [
        "x64"
      ],
      "optional": true,
      "os": [
        "linux"
      ]
    },
    "node_modules/opencode-linux-x64-baseline-musl": {
      "version": "1.0.85",
      "resolved": "https://registry.npmjs.org/opencode-linux-x64-baseline-musl/-/opencode-linux-x64-baseline-musl-1.0.85.tgz",
      "integrity": "sha512-hRGAl98ZsSbI913ksUlKGqM3wclmAUo6mkW7Iqlks7mrAQon1u4xoF6OznCQxoEYsUZhKzknKRsDDxuXPsaziQ==",
      "cpu": [
        "x64"
      ],
      "optional": true,
      "os": [
        "linux"
      ]
    },
    "node_modules/opencode-linux-x64-musl": {
      "version": "1.0.85",
      "resolved": "https://registry.npmjs.org/opencode-linux-x64-musl/-/opencode-linux-x64-musl-1.0.85.tgz",
      "integrity": "sha512-Gr1XM9MIMYYpwf4XDZzcDNpdnUrsNhkPPW3ObaJMyeYLPQm9M4b46rqNWVqlf9SebMOcLRrZ0UufBxOhF7t6WA==",
      "cpu": [
        "x64"
      ],
      "optional": true,
      "os": [
        "linux"
      ]
    },
    "node_modules/opencode-windows-x64": {
      "version": "1.0.85",
      "resolved": "https://registry.npmjs.org/opencode-windows-x64/-/opencode-windows-x64-1.0.85.tgz",
      "integrity": "sha512-/PcdUcB9wqOn9vQ9qi12hg8vMW6vYZDkISraus9ecpz1i/oL3+nP6XlJzAU7xySydrPQrA/NCfZUYV/ZlUc7Iw==",
      "cpu": [
        "x64"
      ],
      "optional": true,
      "os": [
        "win32"
      ]
    },
    "node_modules/opencode-windows-x64-baseline": {
      "version": "1.0.85",
      "resolved": "https://registry.npmjs.org/opencode-windows-x64-baseline/-/opencode-windows-x64-baseline-1.0.85.tgz",
      "integrity": "sha512-lfwLFZ1brtHarHlleg5kJQZ6AJ62hHX6KuNDL1SknYKiSdovdcfT1CqM4noemQtSvUjsYTMe6xraKxfyw0ycGQ==",
      "cpu": [
        "x64"
      ],
      "optional": true,
      "os": [
        "win32"
      ]
    }
  }
}
